
Microsoft Visual Studio Solution File, Format Version 12.00
# Visual Studio Version 16
VisualStudioVersion = 16.0.29806.167
MinimumVisualStudioVersion = 10.0.40219.1
Project("{FAE04EC0-301F-11D3-BF4B-00C04F79EFBC}") = "WebAutomation", "WebAutomation.csproj", "{B8526022-6BFB-4D88-953E-B4B9FCBC56BA}"
EndProject
Global
	GlobalSection(SolutionConfigurationPlatforms) = preSolution
		Debug|Any CPU = Debug|Any CPU
		Release|Any CPU = Release|Any CPU
	EndGlobalSection
	GlobalSection(ProjectConfigurationPlatforms) = postSolution
		{B8526022-6BFB-4D88-953E-B4B9FCBC56BA}.Debug|Any CPU.ActiveCfg = Debug|Any CPU
		{B8526022-6BFB-4D88-953E-B4B9FCBC56BA}.Debug|Any CPU.Build.0 = Debug|Any CPU
		{B8526022-6BFB-4D88-953E-B4B9FCBC56BA}.Release|Any CPU.ActiveCfg = Release|Any CPU
		{B8526022-6BFB-4D88-953E-B4B9FCBC56BA}.Release|Any CPU.Build.0 = Release|Any CPU
	EndGlobalSection
	GlobalSection(SolutionProperties) = preSolution
		HideSolutionNode = FALSE
	EndGlobalSection
	GlobalSection(ExtensibilityGlobals) = postSolution
		SolutionGuid = {22C9D190-3232-447B-AAC4-E2CD942F1C9D}
	EndGlobalSection
EndGlobal
